
Microsoft Visual Studio Solution File, Format Version 12.00
# Visual Studio 15
VisualStudioVersion = 15.0.28307.572
MinimumVisualStudioVersion = 10.0.40219.1
Project("{FAE04EC0-301F-11D3-BF4B-00C04F79EFBC}") = "Test3", "Test3\Test3.csproj", "{18025C1A-C054-490E-A89B-9EA8631471D4}"
EndProject
Global
	GlobalSection(SolutionConfigurationPlatforms) = preSolution
		Debug|Any CPU = Debug|Any CPU
		Release|Any CPU = Release|Any CPU
	EndGlobalSection
	GlobalSection(ProjectConfigurationPlatforms) = postSolution
		{18025C1A-C054-490E-A89B-9EA8631471D4}.Debug|Any CPU.ActiveCfg = Debug|Any CPU
		{18025C1A-C054-490E-A89B-9EA8631471D4}.Debug|Any CPU.Build.0 = Debug|Any CPU
		{18025C1A-C054-490E-A89B-9EA8631471D4}.Release|Any CPU.ActiveCfg = Release|Any CPU
		{18025C1A-C054-490E-A89B-9EA8631471D4}.Release|Any CPU.Build.0 = Release|Any CPU
	EndGlobalSection
	GlobalSection(SolutionProperties) = preSolution
		HideSolutionNode = FALSE
	EndGlobalSection
	GlobalSection(ExtensibilityGlobals) = postSolution
		SolutionGuid = {432C235C-1D88-4F32-B766-E9848DCD6E1D}
	EndGlobalSection
EndGlobal
